
Microsoft Visual Studio Solution File, Format Version 12.00
# Visual Studio Version 17
VisualStudioVersion = 17.10.35027.167
MinimumVisualStudioVersion = 10.0.40219.1
Project("{FAE04EC0-301F-11D3-BF4B-00C04F79EFBC}") = "JudoApp", "JudoApp\JudoApp.csproj", "{F26B7370-07D0-4BF7-BC5A-19B9253C4315}"
EndProject
Global
	GlobalSection(SolutionConfigurationPlatforms) = preSolution
		Debug|Any CPU = Debug|Any CPU
		Release|Any CPU = Release|Any CPU
	EndGlobalSection
	GlobalSection(ProjectConfigurationPlatforms) = postSolution
		{F26B7370-07D0-4BF7-BC5A-19B9253C4315}.Debug|Any CPU.ActiveCfg = Debug|Any CPU
		{F26B7370-07D0-4BF7-BC5A-19B9253C4315}.Debug|Any CPU.Build.0 = Debug|Any CPU
		{F26B7370-07D0-4BF7-BC5A-19B9253C4315}.Release|Any CPU.ActiveCfg = Release|Any CPU
		{F26B7370-07D0-4BF7-BC5A-19B9253C4315}.Release|Any CPU.Build.0 = Release|Any CPU
	EndGlobalSection
	GlobalSection(SolutionProperties) = preSolution
		HideSolutionNode = FALSE
	EndGlobalSection
	GlobalSection(ExtensibilityGlobals) = postSolution
		SolutionGuid = {0CFD7393-8051-4CB3-B83A-A87CFD1A53C2}
	EndGlobalSection
EndGlobal
